# This file is automatically @generated by Cargo.
# It is not intended for manual editing.
version = 3

[[package]]
name = "aarch64"
version = "0.1.0"
source = "git+https://github.com/NathanMcMillan54/novusk.git?tag=v3.0.2#88ad00228d1b3493e254339453404e6f3bd8adec"
dependencies = [
 "armfb",
 "dif",
 "difi",
 "init",
 "kinfo",
 "nmallocator",
 "novusk_syscalls",
 "novuskinc 0.1.0",
 "r0 1.0.0",
 "rpi",
 "setup",
 "tock-registers",
]

[[package]]
name = "aho-corasick"
version = "0.7.18"
source = "registry+https://github.com/rust-lang/crates.io-index"
checksum = "1e37cfd5e7657ada45f742d6e99ca5788580b5c529dc78faf11ece6dc702656f"
dependencies = [
 "memchr",
]

[[package]]
name = "aligned"
version = "0.3.5"
source = "registry+https://github.com/rust-lang/crates.io-index"
checksum = "3a785a543aea40f5e4e2e93bb2655d31bc21bb391fff65697150973e383f16bb"
dependencies = [
 "as-slice",
]

[[package]]
name = "ardaku"
version = "0.1.0"
source = "git+https://github.com/ardaku/ardaku.git#7da6ce78a26a8f704b9c95d94cab4bd1c84c80e0"
dependencies = [
 "wasmi",
]

[[package]]
name = "arm32"
version = "0.1.0"
source = "git+https://github.com/NathanMcMillan54/novusk.git?tag=v3.0.2#88ad00228d1b3493e254339453404e6f3bd8adec"
dependencies = [
 "cfg-if 1.0.0",
 "cortex-a",
 "cortex-m 0.7.5",
 "cortex-m-rt",
 "cortex-m-semihosting",
 "cpu",
 "device",
 "dif",
 "difi",
 "init",
 "kinfo",
 "nmallocator",
 "novusk_syscalls",
 "novuskinc 0.1.0",
 "rpi",
 "rpi2kernel",
 "stellarisd",
 "time",
]

[[package]]
name = "armfb"
version = "0.1.0"
source = "git+https://github.com/NathanMcMillan54/novusk.git?tag=v3.0.2#88ad00228d1b3493e254339453404e6f3bd8adec"
dependencies = [
 "fb",
 "libcolor",
 "novuskinc 0.1.1",
 "printk",
 "rpi",
]

[[package]]
name = "as-slice"
version = "0.1.5"
source = "registry+https://github.com/rust-lang/crates.io-index"
checksum = "45403b49e3954a4b8428a0ac21a4b7afadccf92bfd96273f1a58cd4812496ae0"
dependencies = [
 "generic-array 0.12.4",
 "generic-array 0.13.3",
 "generic-array 0.14.6",
 "stable_deref_trait",
]

[[package]]
name = "autocfg"
version = "1.1.0"
source = "registry+https://github.com/rust-lang/crates.io-index"
checksum = "d468802bab17cbc0cc575e9b053f41e72aa36bfa6b7f55e3529ffa43161b97fa"

[[package]]
name = "bare-metal"
version = "0.2.5"
source = "registry+https://github.com/rust-lang/crates.io-index"
checksum = "5deb64efa5bd81e31fcd1938615a6d98c82eafcbcd787162b6f63b91d6bac5b3"
dependencies = [
 "rustc_version 0.2.3",
]

[[package]]
name = "bare-metal"
version = "1.0.0"
source = "registry+https://github.com/rust-lang/crates.io-index"
checksum = "f8fe8f5a8a398345e52358e18ff07cc17a568fbca5c6f73873d3a62056309603"

[[package]]
name = "bit_field"
version = "0.10.1"
source = "registry+https://github.com/rust-lang/crates.io-index"
checksum = "dcb6dd1c2376d2e096796e234a70e17e94cc2d5d54ff8ce42b28cef1d0d359a4"

[[package]]
name = "bitfield"
version = "0.13.2"
source = "registry+https://github.com/rust-lang/crates.io-index"
checksum = "46afbd2983a5d5a7bd740ccb198caf5b82f45c40c09c0eed36052d91cb92e719"

[[package]]
name = "bitflags"
version = "1.3.2"
source = "registry+https://github.com/rust-lang/crates.io-index"
checksum = "bef38d45163c2f1dde094a7dfd33ccf595c92905c8f8f4fdc18d06fb1037718a"

[[package]]
name = "bootloader"
version = "0.9.22"
source = "registry+https://github.com/rust-lang/crates.io-index"
checksum = "de78decc37247c7cfac5dbf3495c7298c6ac97cb355161caa7e15969c6648e6c"

[[package]]
name = "cast"
version = "0.2.7"
source = "registry+https://github.com/rust-lang/crates.io-index"
checksum = "4c24dab4283a142afa2fdca129b80ad2c6284e073930f964c3a1293c225ee39a"
dependencies = [
 "rustc_version 0.4.0",
]

[[package]]
name = "cfg-if"
version = "0.1.10"
source = "registry+https://github.com/rust-lang/crates.io-index"
checksum = "4785bdd1c96b2a846b2bd7cc02e86b6b3dbf14e7e53446c4f54c92a361040822"

[[package]]
name = "cfg-if"
version = "1.0.0"
source = "registry+https://github.com/rust-lang/crates.io-index"
checksum = "baf1de4339761588bc0619e3cbc0120ee582ebb74b53b4efbf79117bd2da40fd"

[[package]]
name = "conquer-once"
version = "0.3.2"
source = "registry+https://github.com/rust-lang/crates.io-index"
checksum = "7c6d3a9775a69f6d1fe2cc888999b67ed30257d3da4d2af91984e722f2ec918a"
dependencies = [
 "conquer-util",
]

[[package]]
name = "conquer-util"
version = "0.3.0"
source = "registry+https://github.com/rust-lang/crates.io-index"
checksum = "e763eef8846b13b380f37dfecda401770b0ca4e56e95170237bd7c25c7db3582"

[[package]]
name = "console"
version = "0.1.0"
source = "git+https://github.com/NathanMcMillan54/novusk.git?tag=v3.0.2#88ad00228d1b3493e254339453404e6f3bd8adec"
dependencies = [
 "gpu",
]

[[package]]
name = "cortex-a"
version = "7.4.0"
source = "registry+https://github.com/rust-lang/crates.io-index"
checksum = "f75db6964ed6748e88ff46f9aa209249a0aefe6b06d4b9e9ab820c867586d51a"
dependencies = [
 "tock-registers",
]

[[package]]
name = "cortex-m"
version = "0.6.7"
source = "registry+https://github.com/rust-lang/crates.io-index"
checksum = "9075300b07c6a56263b9b582c214d0ff037b00d45ec9fde1cc711490c56f1bb9"
dependencies = [
 "aligned",
 "bare-metal 0.2.5",
 "bitfield",
 "cortex-m 0.7.5",
 "volatile-register",
]

[[package]]
name = "cortex-m"
version = "0.7.5"
source = "registry+https://github.com/rust-lang/crates.io-index"
checksum = "cd20d4ac4aa86f4f75f239d59e542ef67de87cce2c282818dc6e84155d3ea126"
dependencies = [
 "bare-metal 0.2.5",
 "bitfield",
 "embedded-hal",
 "volatile-register",
]

[[package]]
name = "cortex-m-rt"
version = "0.6.15"
source = "registry+https://github.com/rust-lang/crates.io-index"
checksum = "454f278bf469e2de0a4d22ea019d169d8944f86957c8207a39e3f66c32be2fc6"
dependencies = [
 "cortex-m-rt-macros",
 "r0 0.2.2",
]

[[package]]
name = "cortex-m-rt-macros"
version = "0.6.15"
source = "registry+https://github.com/rust-lang/crates.io-index"
checksum = "c8e3aa52243e26f5922fa522b0814019e0c98fc567e2756d715dce7ad7a81f49"
dependencies = [
 "proc-macro2 1.0.43",
 "quote 1.0.21",
 "syn 1.0.99",
]

[[package]]
name = "cortex-m-semihosting"
version = "0.3.7"
source = "registry+https://github.com/rust-lang/crates.io-index"
checksum = "6bffa6c1454368a6aa4811ae60964c38e6996d397ff8095a8b9211b1c1f749bc"
dependencies = [
 "cortex-m 0.7.5",
]

[[package]]
name = "cpu"
version = "0.1.0"
source = "git+https://github.com/NathanMcMillan54/novusk.git?tag=v3.0.2#88ad00228d1b3493e254339453404e6f3bd8adec"

[[package]]
name = "crossbeam-queue"
version = "0.3.6"
source = "registry+https://github.com/rust-lang/crates.io-index"
checksum = "1cd42583b04998a5363558e5f9291ee5a5ff6b49944332103f251e7479a82aa7"
dependencies = [
 "cfg-if 1.0.0",
 "crossbeam-utils",
]

[[package]]
name = "crossbeam-utils"
version = "0.8.11"
source = "registry+https://github.com/rust-lang/crates.io-index"
checksum = "51887d4adc7b564537b15adcfb307936f8075dfcd5f00dde9a9f1d29383682bc"
dependencies = [
 "cfg-if 1.0.0",
]

[[package]]
name = "ctypes"
version = "0.1.0"
source = "git+https://github.com/NathanMcMillan54/novusk.git?tag=v3.0.2#88ad00228d1b3493e254339453404e6f3bd8adec"

[[package]]
name = "darling"
version = "0.10.2"
source = "registry+https://github.com/rust-lang/crates.io-index"
checksum = "0d706e75d87e35569db781a9b5e2416cff1236a47ed380831f959382ccd5f858"
dependencies = [
 "darling_core",
 "darling_macro",
]

[[package]]
name = "darling_core"
version = "0.10.2"
source = "registry+https://github.com/rust-lang/crates.io-index"
checksum = "f0c960ae2da4de88a91b2d920c2a7233b400bc33cb28453a2987822d8392519b"
dependencies = [
 "fnv",
 "ident_case",
 "proc-macro2 1.0.43",
 "quote 1.0.21",
 "strsim",
 "syn 1.0.99",
]

[[package]]
name = "darling_macro"
version = "0.10.2"
source = "registry+https://github.com/rust-lang/crates.io-index"
checksum = "d9b5a2f4ac4969822c62224815d069952656cadc7084fdca9751e6d959189b72"
dependencies = [
 "darling_core",
 "quote 1.0.21",
 "syn 1.0.99",
]

[[package]]
name = "device"
version = "0.1.0"
source = "git+https://github.com/NathanMcMillan54/novusk.git?tag=v3.0.2#88ad00228d1b3493e254339453404e6f3bd8adec"

[[package]]
name = "dif"
version = "0.1.1"
source = "registry+https://github.com/rust-lang/crates.io-index"
checksum = "57dbd7c25cc8ad8fb5c35cc7112f99049b429273f5302ef6cdd797a41d728f5d"

[[package]]
name = "difi"
version = "0.1.0"
source = "registry+https://github.com/rust-lang/crates.io-index"
checksum = "f6193c415ab80242c34226ce49fdf5e29a6a3b89e6fd11754535e4d4bc2e9731"

[[package]]
name = "downcast-rs"
version = "1.2.0"
source = "registry+https://github.com/rust-lang/crates.io-index"
checksum = "9ea835d29036a4087793836fa931b08837ad5e957da9e23886b29586fb9b6650"

[[package]]
name = "e310x"
version = "0.9.1"
source = "registry+https://github.com/rust-lang/crates.io-index"
checksum = "be376a003b8d25f534d2d91e2b26c709dc69c3974b574fba8c5acc0d2d6ec776"
dependencies = [
 "bare-metal 1.0.0",
 "riscv 0.8.0",
 "vcell",
]

[[package]]
name = "e310x-hal"
version = "0.9.4"
source = "registry+https://github.com/rust-lang/crates.io-index"
checksum = "c954a89f37c4f18dfb98dc31cdf5cf681e74e56a0cac178b231874dc70321132"
dependencies = [
 "e310x",
 "embedded-hal",
 "nb 1.0.0",
 "riscv 0.8.0",
]

[[package]]
name = "embedded-hal"
version = "0.2.7"
source = "registry+https://github.com/rust-lang/crates.io-index"
checksum = "35949884794ad573cf46071e41c9b60efb0cb311e3ca01f7af807af1debc66ff"
dependencies = [
 "nb 0.1.3",
 "void",
]

[[package]]
name = "esp"
version = "0.1.0"
source = "git+https://github.com/NathanMcMillan54/novusk.git?tag=v3.0.2#88ad00228d1b3493e254339453404e6f3bd8adec"
dependencies = [
 "device",
 "esp32-hal",
]

[[package]]
name = "esp32"
version = "0.11.0"
source = "registry+https://github.com/rust-lang/crates.io-index"
checksum = "b73f0f4e30155c65e65697f672957343b74ca75b0942f3da51903c11fa220ad1"
dependencies = [
 "bare-metal 1.0.0",
 "vcell",
 "xtensa-lx",
 "xtensa-lx-rt",
]

[[package]]
name = "esp32-hal"
version = "0.3.0"
source = "registry+https://github.com/rust-lang/crates.io-index"
checksum = "67ebf28b2417a279e518343d16c64a94daa915d9e110f2ce0aee8a71d5e1b809"
dependencies = [
 "bare-metal 0.2.5",
 "embedded-hal",
 "esp32",
 "esp32-hal-proc-macros",
 "nb 0.1.3",
 "void",
 "xtensa-lx",
 "xtensa-lx-rt",
]

[[package]]
name = "esp32-hal-proc-macros"
version = "0.2.0"
source = "registry+https://github.com/rust-lang/crates.io-index"
checksum = "dbe047c6f062015c28a44de887a711fd2850975ee15452e4de83565b0a5ffdc2"
dependencies = [
 "darling",
 "proc-macro2 1.0.43",
 "quote 1.0.21",
 "syn 1.0.99",
]

[[package]]
name = "ex1"
version = "0.1.0"
source = "git+https://github.com/NathanMcMillan54/novusk.git?tag=v3.0.2#88ad00228d1b3493e254339453404e6f3bd8adec"
dependencies = [
 "novuskinc 0.1.0",
]

[[package]]
name = "externc-libm"
version = "0.1.0"
source = "git+https://github.com/ardaku/externc-libm.git?branch=quantii#6536ed97f90e6b76c00b9f05dd822ac958979a23"
dependencies = [
 "libm",
]

[[package]]
name = "fb"
version = "0.1.0"
source = "git+https://github.com/NathanMcMillan54/novusk.git?tag=v3.0.2#88ad00228d1b3493e254339453404e6f3bd8adec"
dependencies = [
 "font8x8",
]

[[package]]
name = "fnv"
version = "1.0.7"
source = "registry+https://github.com/rust-lang/crates.io-index"
checksum = "3f9eec918d3f24069decb9af1554cad7c880e2da24a9afd88aca000531ab82c1"

[[package]]
name = "fom_os"
version = "0.1.0"
source = "git+https://github.com/NathanMcMillan54/novusk.git?tag=v3.0.2#88ad00228d1b3493e254339453404e6f3bd8adec"
dependencies = [
 "libost",
 "novuskinc 0.1.1",
]

[[package]]
name = "font8x8"
version = "0.3.1"
source = "registry+https://github.com/rust-lang/crates.io-index"
checksum = "875488b8711a968268c7cf5d139578713097ca4635a76044e8fe8eedf831d07e"

[[package]]
name = "fscheck"
version = "0.1.0"
source = "git+https://github.com/NathanMcMillan54/novusk.git?tag=v3.0.2#88ad00228d1b3493e254339453404e6f3bd8adec"
dependencies = [
 "kinfo",
 "konfig",
 "novuskinc 0.1.0",
]

[[package]]
name = "futures-core"
version = "0.3.21"
source = "registry+https://github.com/rust-lang/crates.io-index"
checksum = "0c09fd04b7e4073ac7156a9539b57a484a8ea920f79c7c675d05d289ab6110d3"

[[package]]
name = "futures-task"
version = "0.3.21"
source = "registry+https://github.com/rust-lang/crates.io-index"
checksum = "57c66a976bf5909d801bbef33416c41372779507e7a6b3a5e25e4749c58f776a"

[[package]]
name = "futures-util"
version = "0.3.21"
source = "registry+https://github.com/rust-lang/crates.io-index"
checksum = "d8b7abd5d659d9b90c8cba917f6ec750a74e2dc23902ef9cd4cc8c8b22e6036a"
dependencies = [
 "futures-core",
 "futures-task",
 "pin-project-lite",
 "pin-utils",
]

[[package]]
name = "generic-array"
version = "0.12.4"
source = "registry+https://github.com/rust-lang/crates.io-index"
checksum = "ffdf9f34f1447443d37393cc6c2b8313aebddcd96906caf34e54c68d8e57d7bd"
dependencies = [
 "typenum",
]

[[package]]
name = "generic-array"
version = "0.13.3"
source = "registry+https://github.com/rust-lang/crates.io-index"
checksum = "f797e67af32588215eaaab8327027ee8e71b9dd0b2b26996aedf20c030fce309"
dependencies = [
 "typenum",
]

[[package]]
name = "generic-array"
version = "0.14.6"
source = "registry+https://github.com/rust-lang/crates.io-index"
checksum = "bff49e947297f3312447abdca79f45f4738097cc82b06e72054d2223f601f1b9"
dependencies = [
 "typenum",
 "version_check",
]

[[package]]
name = "gpu"
version = "0.1.0"
source = "git+https://github.com/NathanMcMillan54/novusk.git?tag=v3.0.2#88ad00228d1b3493e254339453404e6f3bd8adec"
dependencies = [
 "armfb",
 "novuskinc 0.1.0",
 "rpi",
 "vgag",
]

[[package]]
name = "hifive1"
version = "0.10.0"
source = "registry+https://github.com/rust-lang/crates.io-index"
checksum = "9f3f660a0f39d48a1b0c8b6da4008573a93545d778e9ece62640991f63b28730"
dependencies = [
 "e310x-hal",
 "embedded-hal",
 "nb 1.0.0",
 "riscv 0.6.0",
]

[[package]]
name = "ident_case"
version = "1.0.1"
source = "registry+https://github.com/rust-lang/crates.io-index"
checksum = "b9e0384b61958566e926dc50660321d12159025e767c18e043daf26b70104c39"

[[package]]
name = "init"
version = "0.1.0"
source = "git+https://github.com/NathanMcMillan54/novusk.git?tag=v3.0.2#88ad00228d1b3493e254339453404e6f3bd8adec"
dependencies = [
 "cfg-if 1.0.0",
 "console",
 "gpu",
 "kinfo",
 "konfig",
 "lazy_static",
 "modules",
 "novuskinc 0.1.0",
 "printk",
 "spin 0.9.4",
 "storage",
 "tempfs",
 "vfs",
]

[[package]]
name = "kb_mouse"
version = "0.1.0"
source = "git+https://github.com/NathanMcMillan54/novusk.git?tag=v3.0.2#88ad00228d1b3493e254339453404e6f3bd8adec"
dependencies = [
 "novuskinc 0.1.0",
 "pc_keyboard",
 "x86_64 0.14.10",
]

[[package]]
name = "keyboard"
version = "0.1.0"
source = "git+https://github.com/NathanMcMillan54/novusk.git?tag=v3.0.2#88ad00228d1b3493e254339453404e6f3bd8adec"
dependencies = [
 "conquer-once",
 "crossbeam-queue",
 "futures-util",
 "pc-keyboard",
 "printk",
]

[[package]]
name = "kinfo"
version = "0.1.0"
source = "git+https://github.com/NathanMcMillan54/novusk.git?tag=v3.0.2#88ad00228d1b3493e254339453404e6f3bd8adec"
dependencies = [
 "printk",
]

[[package]]
name = "konfig"
version = "0.1.0"
source = "git+https://github.com/NathanMcMillan54/novusk.git?tag=v3.0.2#88ad00228d1b3493e254339453404e6f3bd8adec"
dependencies = [
 "lazy_static",
 "printk",
 "spin 0.9.4",
]

[[package]]
name = "lazy_static"
version = "1.4.0"
source = "registry+https://github.com/rust-lang/crates.io-index"
checksum = "e2abad23fbc42b3700f2f279844dc832adb2b2eb069b2df918f455c4e18cc646"
dependencies = [
 "spin 0.5.2",
]

[[package]]
name = "lba"
version = "0.1.0"
source = "git+https://github.com/NathanMcMillan54/novusk.git?tag=v3.0.2#88ad00228d1b3493e254339453404e6f3bd8adec"
dependencies = [
 "novuskinc 0.1.1",
 "printk",
 "storage",
 "x86_64 0.14.10",
]

[[package]]
name = "libbmu"
version = "0.1.0"
source = "git+https://github.com/NathanMcMillan54/novusk.git?tag=v3.0.2#88ad00228d1b3493e254339453404e6f3bd8adec"
dependencies = [
 "memory",
]

[[package]]
name = "libc"
version = "0.2.127"
source = "registry+https://github.com/rust-lang/crates.io-index"
checksum = "505e71a4706fa491e9b1b55f51b95d4037d0821ee40131190475f692b35b009b"

[[package]]
name = "libcolor"
version = "0.1.0"
source = "git+https://github.com/NathanMcMillan54/novusk.git?tag=v3.0.2#88ad00228d1b3493e254339453404e6f3bd8adec"

[[package]]
name = "libm"
version = "0.2.4"
source = "registry+https://github.com/rust-lang/crates.io-index"
checksum = "c7ce35d4899fa3c0558d4f5082c98927789a01024270711cf113999b66ced65a"

[[package]]
name = "libost"
version = "0.1.0"
source = "git+https://github.com/NathanMcMillan54/novusk.git?tag=v3.0.2#88ad00228d1b3493e254339453404e6f3bd8adec"
dependencies = [
 "gpu",
 "mouse",
]

[[package]]
name = "libwin"
version = "0.1.0"
source = "git+https://github.com/NathanMcMillan54/novusk.git?tag=v3.0.2#88ad00228d1b3493e254339453404e6f3bd8adec"
dependencies = [
 "armfb",
 "novuskinc 0.1.0",
 "vgag",
]

[[package]]
name = "linked_list_allocator"
version = "0.9.1"
source = "registry+https://github.com/rust-lang/crates.io-index"
checksum = "549ce1740e46b291953c4340adcd74c59bcf4308f4cac050fd33ba91b7168f4a"
dependencies = [
 "spinning_top",
]

[[package]]
name = "lock_api"
version = "0.4.7"
source = "registry+https://github.com/rust-lang/crates.io-index"
checksum = "327fa5b6a6940e4699ec49a9beae1ea4845c6bab9314e4f84ac68742139d8c53"
dependencies = [
 "autocfg",
 "scopeguard",
]

[[package]]
name = "mailbox"
version = "0.1.0"
source = "git+https://github.com/NathanMcMillan54/novusk.git?tag=v3.0.2#88ad00228d1b3493e254339453404e6f3bd8adec"

[[package]]
name = "memchr"
version = "2.5.0"
source = "registry+https://github.com/rust-lang/crates.io-index"
checksum = "2dffe52ecf27772e601905b7522cb4ef790d2cc203488bbd0e2fe85fcb74566d"

[[package]]
name = "memory"
version = "0.1.0"
source = "git+https://github.com/NathanMcMillan54/novusk.git?tag=v3.0.2#88ad00228d1b3493e254339453404e6f3bd8adec"
dependencies = [
 "ctypes",
]

[[package]]
name = "memory_units"
version = "0.3.0"
source = "registry+https://github.com/rust-lang/crates.io-index"
checksum = "71d96e3f3c0b6325d8ccd83c33b28acb183edcb6c67938ba104ec546854b0882"

[[package]]
name = "memory_units"
version = "0.4.0"
source = "registry+https://github.com/rust-lang/crates.io-index"
checksum = "8452105ba047068f40ff7093dd1d9da90898e63dd61736462e9cdda6a90ad3c3"

[[package]]
name = "mio"
version = "0.1.0"
source = "git+https://github.com/NathanMcMillan54/novusk.git?tag=v3.0.2#88ad00228d1b3493e254339453404e6f3bd8adec"

[[package]]
name = "modules"
version = "0.1.0"
source = "git+https://github.com/NathanMcMillan54/novusk.git?tag=v3.0.2#88ad00228d1b3493e254339453404e6f3bd8adec"
dependencies = [
 "armfb",
 "ex1",
 "fscheck",
 "novuskinc 0.1.0",
 "printk",
 "sf_rpilcd_35",
 "vgag",
]

[[package]]
name = "mouse"
version = "0.1.0"
source = "git+https://github.com/NathanMcMillan54/novusk.git?tag=v3.0.2#88ad00228d1b3493e254339453404e6f3bd8adec"

[[package]]
name = "multiboot"
version = "0.1.0"
source = "git+https://github.com/NathanMcMillan54/novusk.git?tag=v3.0.2#88ad00228d1b3493e254339453404e6f3bd8adec"
dependencies = [
 "multiboot2",
 "printk",
]

[[package]]
name = "multiboot2"
version = "0.12.2"
source = "registry+https://github.com/rust-lang/crates.io-index"
checksum = "004ef1d859a3efbd94f332855b0c4e3fbd7d5eb4828c99198b58086208005865"
dependencies = [
 "bitflags",
]

[[package]]
name = "mutex-trait"
version = "0.2.0"
source = "registry+https://github.com/rust-lang/crates.io-index"
checksum = "b4bb1638d419e12f8b1c43d9e639abd0d1424285bdea2f76aa231e233c63cd3a"

[[package]]
name = "nb"
version = "0.1.3"
source = "registry+https://github.com/rust-lang/crates.io-index"
checksum = "801d31da0513b6ec5214e9bf433a77966320625a37860f910be265be6e18d06f"
dependencies = [
 "nb 1.0.0",
]

[[package]]
name = "nb"
version = "1.0.0"
source = "registry+https://github.com/rust-lang/crates.io-index"
checksum = "546c37ac5d9e56f55e73b677106873d9d9f5190605e41a856503623648488cae"

[[package]]
name = "nkuefi"
version = "0.1.0"
source = "git+https://github.com/NathanMcMillan54/novusk.git?tag=v3.0.2#88ad00228d1b3493e254339453404e6f3bd8adec"
dependencies = [
 "uart_16550",
]

[[package]]
name = "nmallocator"
version = "0.1.0"
source = "git+https://github.com/NathanMcMillan54/novusk.git?tag=v3.0.2#88ad00228d1b3493e254339453404e6f3bd8adec"
dependencies = [
 "cfg-if 1.0.0",
 "linked_list_allocator",
 "wee_alloc",
]

[[package]]
name = "notify"
version = "0.1.0"
source = "git+https://github.com/NathanMcMillan54/novusk.git?tag=v3.0.2#88ad00228d1b3493e254339453404e6f3bd8adec"
dependencies = [
 "keyboard",
]

[[package]]
name = "novusk"
version = "3.0.2"
source = "git+https://github.com/NathanMcMillan54/novusk.git?tag=v3.0.2#88ad00228d1b3493e254339453404e6f3bd8adec"
dependencies = [
 "aarch64",
 "arm32",
 "armfb",
 "bootloader",
 "fb",
 "gpu",
 "kb_mouse",
 "kinfo",
 "lba",
 "libbmu",
 "libcolor",
 "libost",
 "libwin",
 "memory",
 "novuskinc 0.1.0",
 "pc_keyboard",
 "printk",
 "riscv 0.1.0",
 "storage",
 "unistd",
 "usbd",
 "vfs",
 "vgag",
 "x86_64 0.1.0",
 "x86_64-sound",
 "xtensa",
 "xtensa-lx-rt",
]

[[package]]
name = "novusk_syscalls"
version = "0.2.1"
source = "registry+https://github.com/rust-lang/crates.io-index"
checksum = "2a4c27dbbcc49aa343a1169f58bd3db40e6f1e0cc95d6303b74c15456809f05d"

[[package]]
name = "novuskinc"
version = "0.1.0"
source = "git+https://github.com/NathanMcMillan54/novusk.git?tag=v3.0.2#88ad00228d1b3493e254339453404e6f3bd8adec"
dependencies = [
 "cfg-if 1.0.0",
 "hifive1",
 "kinfo",
 "libbmu",
 "novusk_syscalls",
 "pc_keyboard",
 "power",
 "printk",
 "rpi",
 "tempfs",
 "tock-registers",
 "vfs",
 "vgag",
]

[[package]]
name = "novuskinc"
version = "0.1.1"
source = "registry+https://github.com/rust-lang/crates.io-index"
checksum = "e6bb1b38b79557d49374c9867247abfe623b64bf7956b6b29f443cca2a56c851"
dependencies = [
 "cfg-if 1.0.0",
]

[[package]]
name = "num-bigint"
version = "0.4.3"
source = "registry+https://github.com/rust-lang/crates.io-index"
checksum = "f93ab6289c7b344a8a9f60f88d80aa20032336fe78da341afc91c8a2341fc75f"
dependencies = [
 "autocfg",
 "num-integer",
 "num-traits",
]

[[package]]
name = "num-integer"
version = "0.1.45"
source = "registry+https://github.com/rust-lang/crates.io-index"
checksum = "225d3389fb3509a24c93f5c29eb6bde2586b98d9f016636dff58d7c6f7569cd9"
dependencies = [
 "autocfg",
 "num-traits",
]

[[package]]
name = "num-rational"
version = "0.4.1"
source = "registry+https://github.com/rust-lang/crates.io-index"
checksum = "0638a1c9d0a3c0914158145bc76cff373a75a627e6ecbfb71cbe6f453a5a19b0"
dependencies = [
 "autocfg",
 "num-bigint",
 "num-integer",
 "num-traits",
]

[[package]]
name = "num-traits"
version = "0.2.15"
source = "registry+https://github.com/rust-lang/crates.io-index"
checksum = "578ede34cf02f8924ab9447f50c28075b4d3e5b269972345e7e0372b38c6cdcd"
dependencies = [
 "autocfg",
]

[[package]]
name = "parity-wasm"
version = "0.42.2"
source = "registry+https://github.com/rust-lang/crates.io-index"
checksum = "be5e13c266502aadf83426d87d81a0f5d1ef45b8027f5a471c360abfe4bfae92"

[[package]]
name = "pc-beeper"
version = "0.1.0"
source = "git+https://github.com/NathanMcMillan54/pc-beeper#7e32a149dbd6ca086eb7e7ebc40e04f542897b56"
dependencies = [
 "x86_64 0.14.10",
]

[[package]]
name = "pc-keyboard"
version = "0.5.1"
source = "registry+https://github.com/rust-lang/crates.io-index"
checksum = "5c6f2d937e3b8d63449b01401e2bae4041bc9dd1129c2e3e0d239407cf6635ac"

[[package]]
name = "pc_keyboard"
version = "0.1.0"
source = "git+https://github.com/NathanMcMillan54/novusk.git?tag=v3.0.2#88ad00228d1b3493e254339453404e6f3bd8adec"
dependencies = [
 "conquer-once",
 "crossbeam-queue",
 "futures-util",
 "keyboard",
 "notify",
 "pc-keyboard",
 "printk",
 "x86_64 0.14.10",
]

[[package]]
name = "pic8259"
version = "0.10.2"
source = "registry+https://github.com/rust-lang/crates.io-index"
checksum = "24ec21f514e2e16e94649f1d041ca4a7069b512c037ac156360652a775e6229d"
dependencies = [
 "x86_64 0.14.10",
]

[[package]]
name = "pin-project-lite"
version = "0.2.9"
source = "registry+https://github.com/rust-lang/crates.io-index"
checksum = "e0a7ae3ac2f1173085d398531c705756c94a4c56843785df85a60c1a0afac116"

[[package]]
name = "pin-utils"
version = "0.1.0"
source = "registry+https://github.com/rust-lang/crates.io-index"
checksum = "8b870d8c151b6f2fb93e84a13146138f05d02ed11c7e7c54f8826aaaf7c9f184"

[[package]]
name = "power"
version = "0.1.0"
source = "git+https://github.com/NathanMcMillan54/novusk.git?tag=v3.0.2#88ad00228d1b3493e254339453404e6f3bd8adec"
dependencies = [
 "printk",
 "x86_64 0.14.10",
]

[[package]]
name = "printk"
version = "0.1.0"
source = "git+https://github.com/NathanMcMillan54/novusk.git?tag=v3.0.2#88ad00228d1b3493e254339453404e6f3bd8adec"

[[package]]
name = "proc-macro2"
version = "0.4.30"
source = "registry+https://github.com/rust-lang/crates.io-index"
checksum = "cf3d2011ab5c909338f7887f4fc896d35932e29146c12c8d01da6b22a80ba759"
dependencies = [
 "unicode-xid",
]

[[package]]
name = "proc-macro2"
version = "1.0.43"
source = "registry+https://github.com/rust-lang/crates.io-index"
checksum = "0a2ca2c61bc9f3d74d2886294ab7b9853abd9c1ad903a3ac7815c58989bb7bab"
dependencies = [
 "unicode-ident",
]

[[package]]
name = "quantii"
version = "0.1.0"
dependencies = [
 "ardaku",
 "externc-libm",
 "libm",
 "novusk",
 "novuskinc 0.1.1",
]

[[package]]
name = "quantii-runner"
version = "0.1.0"

[[package]]
name = "quote"
version = "0.6.13"
source = "registry+https://github.com/rust-lang/crates.io-index"
checksum = "6ce23b6b870e8f94f81fb0a363d65d86675884b34a09043c81e5562f11c1f8e1"
dependencies = [
 "proc-macro2 0.4.30",
]

[[package]]
name = "quote"
version = "1.0.21"
source = "registry+https://github.com/rust-lang/crates.io-index"
checksum = "bbe448f377a7d6961e30f5955f9b8d106c3f5e449d493ee1b125c1d43c2b5179"
dependencies = [
 "proc-macro2 1.0.43",
]

[[package]]
name = "r0"
version = "0.2.2"
source = "registry+https://github.com/rust-lang/crates.io-index"
checksum = "e2a38df5b15c8d5c7e8654189744d8e396bddc18ad48041a500ce52d6948941f"

[[package]]
name = "r0"
version = "1.0.0"
source = "registry+https://github.com/rust-lang/crates.io-index"
checksum = "bd7a31eed1591dcbc95d92ad7161908e72f4677f8fabf2a32ca49b4237cbf211"

[[package]]
name = "rand"
version = "0.5.6"
source = "registry+https://github.com/rust-lang/crates.io-index"
checksum = "c618c47cd3ebd209790115ab837de41425723956ad3ce2e6a7f09890947cacb9"
dependencies = [
 "rand_core 0.3.1",
]

[[package]]
name = "rand_core"
version = "0.3.1"
source = "registry+https://github.com/rust-lang/crates.io-index"
checksum = "7a6fdeb83b075e8266dcc8762c22776f6877a63111121f5f8c7411e5be7eed4b"
dependencies = [
 "rand_core 0.4.2",
]

[[package]]
name = "rand_core"
version = "0.4.2"
source = "registry+https://github.com/rust-lang/crates.io-index"
checksum = "9c33a3c44ca05fa6f1807d8e6743f3824e8509beca625669633be0acbdf509dc"

[[package]]
name = "raw-cpuid"
version = "9.1.1"
source = "registry+https://github.com/rust-lang/crates.io-index"
checksum = "1733f6f80c9c24268736a501cd00d41a9849b4faa7a9f9334c096e5d10553206"
dependencies = [
 "bitflags",
]

[[package]]
name = "raw-cpuid"
version = "10.4.0"
source = "registry+https://github.com/rust-lang/crates.io-index"
checksum = "2c49596760fce12ca21550ac21dc5a9617b2ea4b6e0aa7d8dab8ff2824fc2bba"
dependencies = [
 "bitflags",
]

[[package]]
name = "regex"
version = "1.6.0"
source = "registry+https://github.com/rust-lang/crates.io-index"
checksum = "4c4eb3267174b8c6c2f654116623910a0fef09c4753f8dd83db29c48a0df988b"
dependencies = [
 "aho-corasick",
 "memchr",
 "regex-syntax",
]

[[package]]
name = "regex-syntax"
version = "0.6.27"
source = "registry+https://github.com/rust-lang/crates.io-index"
checksum = "a3f87b73ce11b1619a3c6332f45341e0047173771e8b8b73f87bfeefb7b56244"

[[package]]
name = "riscv"
version = "0.1.0"
source = "git+https://github.com/NathanMcMillan54/novusk.git?tag=v3.0.2#88ad00228d1b3493e254339453404e6f3bd8adec"
dependencies = [
 "hifive1",
 "kinfo",
 "nmallocator",
 "novusk_syscalls",
 "novuskinc 0.1.0",
 "printk",
 "r0 1.0.0",
 "riscv 0.7.0",
 "riscv-rt",
 "setup",
 "sifive",
]

[[package]]
name = "riscv"
version = "0.6.0"
source = "registry+https://github.com/rust-lang/crates.io-index"
checksum = "a2f0b705d428e9d0f78e2bb73093887ee58a83c9688de3faedbb4c0631c4618e"
dependencies = [
 "bare-metal 0.2.5",
 "bit_field",
 "riscv-target",
]

[[package]]
name = "riscv"
version = "0.7.0"
source = "registry+https://github.com/rust-lang/crates.io-index"
checksum = "6907ccdd7a31012b70faf2af85cd9e5ba97657cc3987c4f13f8e4d2c2a088aba"
dependencies = [
 "bare-metal 1.0.0",
 "bit_field",
 "riscv-target",
]

[[package]]
name = "riscv"
version = "0.8.0"
source = "registry+https://github.com/rust-lang/crates.io-index"
checksum = "5e2856a701069e2d262b264750d382407d272d5527f7a51d3777d1805b4e2d3c"
dependencies = [
 "bare-metal 1.0.0",
 "bit_field",
 "embedded-hal",
]

[[package]]
name = "riscv-rt"
version = "0.8.1"
source = "registry+https://github.com/rust-lang/crates.io-index"
checksum = "ab9f28dc850356196a36078c51c9dc7b46014a29a8fde35d5f81c99e489d0e00"
dependencies = [
 "r0 1.0.0",
 "riscv 0.7.0",
 "riscv-rt-macros",
 "riscv-target",
]

[[package]]
name = "riscv-rt-macros"
version = "0.1.6"
source = "registry+https://github.com/rust-lang/crates.io-index"
checksum = "3525f8341898dec060782087b7a15969e1cfe52818afacc47709265c19a23d53"
dependencies = [
 "proc-macro2 0.4.30",
 "quote 0.6.13",
 "rand",
 "syn 0.15.44",
]

[[package]]
name = "riscv-target"
version = "0.1.2"
source = "registry+https://github.com/rust-lang/crates.io-index"
checksum = "88aa938cda42a0cf62a20cfe8d139ff1af20c2e681212b5b34adb5a58333f222"
dependencies = [
 "lazy_static",
 "regex",
]

[[package]]
name = "rpi"
version = "0.1.0"
source = "git+https://github.com/NathanMcMillan54/novusk.git?tag=v3.0.2#88ad00228d1b3493e254339453404e6f3bd8adec"
dependencies = [
 "device",
 "libbmu",
 "mailbox",
 "mio",
 "nmallocator",
 "tock-registers",
]

[[package]]
name = "rpi2kernel"
version = "0.1.0"
source = "git+https://github.com/NathanMcMillan54/novusk.git?tag=v3.0.2#88ad00228d1b3493e254339453404e6f3bd8adec"
dependencies = [
 "armfb",
 "console",
 "fb",
 "kinfo",
 "konfig",
 "printk",
 "rpi",
]

[[package]]
name = "rustc_version"
version = "0.2.3"
source = "registry+https://github.com/rust-lang/crates.io-index"
checksum = "138e3e0acb6c9fb258b19b67cb8abd63c00679d2851805ea151465464fe9030a"
dependencies = [
 "semver 0.9.0",
]

[[package]]
name = "rustc_version"
version = "0.4.0"
source = "registry+https://github.com/rust-lang/crates.io-index"
checksum = "bfa0f585226d2e68097d4f95d113b15b83a82e819ab25717ec0590d9584ef366"
dependencies = [
 "semver 1.0.13",
]

[[package]]
name = "rustversion"
version = "1.0.9"
source = "registry+https://github.com/rust-lang/crates.io-index"
checksum = "97477e48b4cf8603ad5f7aaf897467cf42ab4218a38ef76fb14c2d6773a6d6a8"

[[package]]
name = "scopeguard"
version = "1.1.0"
source = "registry+https://github.com/rust-lang/crates.io-index"
checksum = "d29ab0c6d3fc0ee92fe66e2d99f700eab17a8d57d1c1d3b748380fb20baa78cd"

[[package]]
name = "semver"
version = "0.9.0"
source = "registry+https://github.com/rust-lang/crates.io-index"
checksum = "1d7eb9ef2c18661902cc47e535f9bc51b78acd254da71d375c2f6720d9a40403"
dependencies = [
 "semver-parser",
]

[[package]]
name = "semver"
version = "1.0.13"
source = "registry+https://github.com/rust-lang/crates.io-index"
checksum = "93f6841e709003d68bb2deee8c343572bf446003ec20a583e76f7b15cebf3711"

[[package]]
name = "semver-parser"
version = "0.7.0"
source = "registry+https://github.com/rust-lang/crates.io-index"
checksum = "388a1df253eca08550bef6c72392cfe7c30914bf41df5269b68cbd6ff8f570a3"

[[package]]
name = "setup"
version = "0.1.0"
source = "git+https://github.com/NathanMcMillan54/novusk.git?tag=v3.0.2#88ad00228d1b3493e254339453404e6f3bd8adec"
dependencies = [
 "kinfo",
 "konfig",
 "libbmu",
 "printk",
 "sos",
 "unistd",
]

[[package]]
name = "sf_rpilcd_35"
version = "0.1.0"
source = "git+https://github.com/NathanMcMillan54/novusk.git?tag=v3.0.2#88ad00228d1b3493e254339453404e6f3bd8adec"
dependencies = [
 "novuskinc 0.1.0",
 "rpi",
]

[[package]]
name = "sifive"
version = "0.1.0"
source = "git+https://github.com/NathanMcMillan54/novusk.git?tag=v3.0.2#88ad00228d1b3493e254339453404e6f3bd8adec"
dependencies = [
 "device",
 "hifive1",
]

[[package]]
name = "sos"
version = "0.1.0"
source = "git+https://github.com/NathanMcMillan54/novusk.git?tag=v3.0.2#88ad00228d1b3493e254339453404e6f3bd8adec"
dependencies = [
 "fom_os",
 "libost",
 "printk",
]

[[package]]
name = "spin"
version = "0.5.2"
source = "registry+https://github.com/rust-lang/crates.io-index"
checksum = "6e63cff320ae2c57904679ba7cb63280a3dc4613885beafb148ee7bf9aa9042d"

[[package]]
name = "spin"
version = "0.9.4"
source = "registry+https://github.com/rust-lang/crates.io-index"
checksum = "7f6002a767bff9e83f8eeecf883ecb8011875a21ae8da43bffb817a57e78cc09"
dependencies = [
 "lock_api",
]

[[package]]
name = "spinning_top"
version = "0.2.4"
source = "registry+https://github.com/rust-lang/crates.io-index"
checksum = "75adad84ee84b521fb2cca2d4fd0f1dab1d8d026bda3c5bea4ca63b5f9f9293c"
dependencies = [
 "lock_api",
]

[[package]]
name = "stable_deref_trait"
version = "1.2.0"
source = "registry+https://github.com/rust-lang/crates.io-index"
checksum = "a8f112729512f8e442d81f95a8a7ddf2b7c6b8a1a6f509a95864142b30cab2d3"

[[package]]
name = "stellarisd"
version = "0.1.0"
source = "git+https://github.com/NathanMcMillan54/novusk.git?tag=v3.0.2#88ad00228d1b3493e254339453404e6f3bd8adec"
dependencies = [
 "cortex-m 0.7.5",
 "cortex-m-semihosting",
 "device",
 "libbmu",
 "novuskinc 0.1.0",
 "tm4c123x-hal",
]

[[package]]
name = "storage"
version = "0.1.0"
source = "git+https://github.com/NathanMcMillan54/novusk.git?tag=v3.0.2#88ad00228d1b3493e254339453404e6f3bd8adec"
dependencies = [
 "novuskinc 0.1.1",
 "printk",
]

[[package]]
name = "strsim"
version = "0.9.3"
source = "registry+https://github.com/rust-lang/crates.io-index"
checksum = "6446ced80d6c486436db5c078dde11a9f73d42b57fb273121e160b84f63d894c"

[[package]]
name = "syn"
version = "0.15.44"
source = "registry+https://github.com/rust-lang/crates.io-index"
checksum = "9ca4b3b69a77cbe1ffc9e198781b7acb0c7365a883670e8f1c1bc66fba79a5c5"
dependencies = [
 "proc-macro2 0.4.30",
 "quote 0.6.13",
 "unicode-xid",
]

[[package]]
name = "syn"
version = "1.0.99"
source = "registry+https://github.com/rust-lang/crates.io-index"
checksum = "58dbef6ec655055e20b86b15a8cc6d439cca19b667537ac6a1369572d151ab13"
dependencies = [
 "proc-macro2 1.0.43",
 "quote 1.0.21",
 "unicode-ident",
]

[[package]]
name = "tempfs"
version = "0.1.0"
source = "git+https://github.com/NathanMcMillan54/novusk.git?tag=v3.0.2#88ad00228d1b3493e254339453404e6f3bd8adec"
dependencies = [
 "vfs",
]

[[package]]
name = "time"
version = "0.1.0"
source = "git+https://github.com/NathanMcMillan54/novusk.git?tag=v3.0.2#88ad00228d1b3493e254339453404e6f3bd8adec"

[[package]]
name = "tm4c-hal"
version = "0.4.1"
source = "registry+https://github.com/rust-lang/crates.io-index"
checksum = "8f805f472ac1ff0ca60d80c2e64e6621ca3f6b4043531bab2b80ce884cea8e9b"
dependencies = [
 "cast",
 "cortex-m 0.6.7",
 "embedded-hal",
 "nb 1.0.0",
]

[[package]]
name = "tm4c123x"
version = "0.9.0"
source = "registry+https://github.com/rust-lang/crates.io-index"
checksum = "097e7f60cc69f25d9bd189509c682b36057fd5f1519e6485b107aecca15c3e3f"
dependencies = [
 "bare-metal 0.2.5",
 "cortex-m 0.6.7",
 "vcell",
]

[[package]]
name = "tm4c123x-hal"
version = "0.10.2"
source = "registry+https://github.com/rust-lang/crates.io-index"
checksum = "0cc56eeb40b7b69264083ad913bdd10f5846bd3db2907f0123445b7136615a0b"
dependencies = [
 "cast",
 "cortex-m 0.6.7",
 "embedded-hal",
 "nb 1.0.0",
 "tm4c-hal",
 "tm4c123x",
 "void",
]

[[package]]
name = "tock-registers"
version = "0.7.0"
source = "registry+https://github.com/rust-lang/crates.io-index"
checksum = "4ee8fba06c1f4d0b396ef61a54530bb6b28f0dc61c38bc8bc5a5a48161e6282e"

[[package]]
name = "typenum"
version = "1.15.0"
source = "registry+https://github.com/rust-lang/crates.io-index"
checksum = "dcf81ac59edc17cc8697ff311e8f5ef2d99fcbd9817b34cec66f90b6c3dfd987"

[[package]]
name = "uart_16550"
version = "0.2.18"
source = "registry+https://github.com/rust-lang/crates.io-index"
checksum = "b074eb9300ad949edd74c529c0e8d451625af71bb948e6b65fe69f72dc1363d9"
dependencies = [
 "bitflags",
 "rustversion",
 "x86_64 0.14.10",
]

[[package]]
name = "unicode-ident"
version = "1.0.3"
source = "registry+https://github.com/rust-lang/crates.io-index"
checksum = "c4f5b37a154999a8f3f98cc23a628d850e154479cd94decf3414696e12e31aaf"

[[package]]
name = "unicode-xid"
version = "0.1.0"
source = "registry+https://github.com/rust-lang/crates.io-index"
checksum = "fc72304796d0818e357ead4e000d19c9c174ab23dc11093ac919054d20a6a7fc"

[[package]]
name = "unistd"
version = "0.1.0"
source = "git+https://github.com/NathanMcMillan54/novusk.git?tag=v3.0.2#88ad00228d1b3493e254339453404e6f3bd8adec"
dependencies = [
 "cfg-if 1.0.0",
 "novuskinc 0.1.0",
]

[[package]]
name = "usbd"
version = "0.1.0"
source = "git+https://github.com/NathanMcMillan54/novusk.git?tag=v3.0.2#88ad00228d1b3493e254339453404e6f3bd8adec"

[[package]]
name = "vcell"
version = "0.1.3"
source = "registry+https://github.com/rust-lang/crates.io-index"
checksum = "77439c1b53d2303b20d9459b1ade71a83c716e3f9c34f3228c00e6f185d6c002"

[[package]]
name = "version_check"
version = "0.9.4"
source = "registry+https://github.com/rust-lang/crates.io-index"
checksum = "49874b5167b65d7193b8aba1567f5c7d93d001cafc34600cee003eda787e483f"

[[package]]
name = "vfs"
version = "0.1.0"
source = "git+https://github.com/NathanMcMillan54/novusk.git?tag=v3.0.2#88ad00228d1b3493e254339453404e6f3bd8adec"
dependencies = [
 "memory",
]

[[package]]
name = "vga"
version = "0.2.7"
source = "registry+https://github.com/rust-lang/crates.io-index"
checksum = "67cbcb7bfff998d176ffb8f2c3dfd6cb0fe62740e36dee6c64fc3928c01001bf"
dependencies = [
 "bitflags",
 "conquer-once",
 "font8x8",
 "num-traits",
 "spinning_top",
 "x86_64 0.14.10",
]

[[package]]
name = "vgag"
version = "0.1.0"
source = "git+https://github.com/NathanMcMillan54/novusk.git?tag=v3.0.2#88ad00228d1b3493e254339453404e6f3bd8adec"
dependencies = [
 "fb",
 "lazy_static",
 "novuskinc 0.1.1",
 "spin 0.9.4",
 "vga",
]

[[package]]
name = "void"
version = "1.0.2"
source = "registry+https://github.com/rust-lang/crates.io-index"
checksum = "6a02e4885ed3bc0f2de90ea6dd45ebcbb66dacffe03547fadbb0eeae2770887d"

[[package]]
name = "volatile"
version = "0.2.7"
source = "registry+https://github.com/rust-lang/crates.io-index"
checksum = "f6b06ad3ed06fef1713569d547cdbdb439eafed76341820fb0e0344f29a41945"

[[package]]
name = "volatile"
version = "0.4.5"
source = "registry+https://github.com/rust-lang/crates.io-index"
checksum = "e3ca98349dda8a60ae74e04fd90c7fb4d6a4fbe01e6d3be095478aa0b76f6c0c"

[[package]]
name = "volatile-register"
version = "0.2.1"
source = "registry+https://github.com/rust-lang/crates.io-index"
checksum = "9ee8f19f9d74293faf70901bc20ad067dc1ad390d2cbf1e3f75f721ffee908b6"
dependencies = [
 "vcell",
]

[[package]]
name = "wasmi"
version = "0.10.0"
source = "registry+https://github.com/rust-lang/crates.io-index"
checksum = "03919fcab96ed058e0c411c47b370883d6393c40307f3140876f68a9256cadb1"
dependencies = [
 "downcast-rs",
 "libm",
 "memory_units 0.3.0",
 "num-rational",
 "num-traits",
 "parity-wasm",
 "wasmi-validation",
]

[[package]]
name = "wasmi-validation"
version = "0.4.1"
source = "registry+https://github.com/rust-lang/crates.io-index"
checksum = "165343ecd6c018fc09ebcae280752702c9a2ef3e6f8d02f1cfcbdb53ef6d7937"
dependencies = [
 "parity-wasm",
]

[[package]]
name = "wee_alloc"
version = "0.4.5"
source = "registry+https://github.com/rust-lang/crates.io-index"
checksum = "dbb3b5a6b2bb17cb6ad44a2e68a43e8d2722c997da10e928665c72ec6c0a0b8e"
dependencies = [
 "cfg-if 0.1.10",
 "libc",
 "memory_units 0.4.0",
 "spin 0.5.2",
 "winapi",
]

[[package]]
name = "winapi"
version = "0.3.9"
source = "registry+https://github.com/rust-lang/crates.io-index"
checksum = "5c839a674fcd7a98952e593242ea400abe93992746761e38641405d28b00f419"
dependencies = [
 "winapi-i686-pc-windows-gnu",
 "winapi-x86_64-pc-windows-gnu",
]

[[package]]
name = "winapi-i686-pc-windows-gnu"
version = "0.4.0"
source = "registry+https://github.com/rust-lang/crates.io-index"
checksum = "ac3b87c63620426dd9b991e5ce0329eff545bccbbb34f3be09ff6fb6ab51b7b6"

[[package]]
name = "winapi-x86_64-pc-windows-gnu"
version = "0.4.0"
source = "registry+https://github.com/rust-lang/crates.io-index"
checksum = "712e227841d057c1ee1cd2fb22fa7e5a5461ae8e48fa2ca79ec42cfc1931183f"

[[package]]
name = "x86"
version = "0.49.0"
source = "registry+https://github.com/rust-lang/crates.io-index"
checksum = "ae0df8874628b15fdefccbd5c6b06766ec9ec2d6cd30d6d2f82245343358c50a"
dependencies = [
 "bit_field",
 "bitflags",
 "raw-cpuid 10.4.0",
]

[[package]]
name = "x86_64"
version = "0.1.0"
source = "git+https://github.com/NathanMcMillan54/novusk.git?tag=v3.0.2#88ad00228d1b3493e254339453404e6f3bd8adec"
dependencies = [
 "bootloader",
 "conquer-once",
 "crossbeam-queue",
 "dif",
 "difi",
 "futures-util",
 "init",
 "kinfo",
 "lazy_static",
 "libcolor",
 "linked_list_allocator",
 "modules",
 "multiboot",
 "nkuefi",
 "nmallocator",
 "notify",
 "novusk_syscalls",
 "novuskinc 0.1.0",
 "pc_keyboard",
 "pic8259",
 "printk",
 "raw-cpuid 9.1.1",
 "setup",
 "spin 0.9.4",
 "time",
 "usbd",
 "volatile 0.2.7",
 "x86",
 "x86_64 0.14.10",
 "x86_64-sound",
]

[[package]]
name = "x86_64"
version = "0.14.10"
source = "registry+https://github.com/rust-lang/crates.io-index"
checksum = "100555a863c0092238c2e0e814c1096c1e5cf066a309c696a87e907b5f8c5d69"
dependencies = [
 "bit_field",
 "bitflags",
 "rustversion",
 "volatile 0.4.5",
]

[[package]]
name = "x86_64-sound"
version = "0.1.0"
source = "git+https://github.com/NathanMcMillan54/novusk.git?tag=v3.0.2#88ad00228d1b3493e254339453404e6f3bd8adec"
dependencies = [
 "pc-beeper",
]

[[package]]
name = "xtask"
version = "0.1.0"

[[package]]
name = "xtensa"
version = "0.1.0"
source = "git+https://github.com/NathanMcMillan54/novusk.git?tag=v3.0.2#88ad00228d1b3493e254339453404e6f3bd8adec"
dependencies = [
 "device",
 "esp",
 "kinfo",
 "xtensa-lx",
 "xtensa-lx-rt",
]

[[package]]
name = "xtensa-lx"
version = "0.4.0"
source = "registry+https://github.com/rust-lang/crates.io-index"
checksum = "bb8c07b753b1711deb84033ba74274336117400c7e0f14e454cfeecb7303274f"
dependencies = [
 "bare-metal 1.0.0",
 "mutex-trait",
 "r0 1.0.0",
 "spin 0.9.4",
]

[[package]]
name = "xtensa-lx-rt"
version = "0.7.0"
source = "registry+https://github.com/rust-lang/crates.io-index"
checksum = "158560f495a7d707880b79984e05d3c8f0b5736d3206d27b45c58a5aaf9813b7"
dependencies = [
 "bare-metal 1.0.0",
 "r0 1.0.0",
 "xtensa-lx-rt-proc-macros",
]

[[package]]
name = "xtensa-lx-rt-proc-macros"
version = "0.1.0"
source = "registry+https://github.com/rust-lang/crates.io-index"
checksum = "21a8200930e2dbd515c231f7a46033bd6dfe1497a8e9a539878f0de8f0cd730b"
dependencies = [
 "proc-macro2 1.0.43",
 "quote 1.0.21",
 "syn 1.0.99",
]
